
Microsoft Visual Studio Solution File, Format Version 12.00
# Visual Studio 15
VisualStudioVersion = 15.0.27428.2043
MinimumVisualStudioVersion = 10.0.40219.1
Project("{FAE04EC0-301F-11D3-BF4B-00C04F79EFBC}") = "ML-Bot", "ML-Bot\ML-Bot.csproj", "{2153320D-52B0-4129-8D6D-C6867A914DBE}"
EndProject
Global
	GlobalSection(SolutionConfigurationPlatforms) = preSolution
		Debug|Any CPU = Debug|Any CPU
		Release|Any CPU = Release|Any CPU
	EndGlobalSection
	GlobalSection(ProjectConfigurationPlatforms) = postSolution
		{2153320D-52B0-4129-8D6D-C6867A914DBE}.Debug|Any CPU.ActiveCfg = Debug|Any CPU
		{2153320D-52B0-4129-8D6D-C6867A914DBE}.Debug|Any CPU.Build.0 = Debug|Any CPU
		{2153320D-52B0-4129-8D6D-C6867A914DBE}.Release|Any CPU.ActiveCfg = Release|Any CPU
		{2153320D-52B0-4129-8D6D-C6867A914DBE}.Release|Any CPU.Build.0 = Release|Any CPU
	EndGlobalSection
	GlobalSection(SolutionProperties) = preSolution
		HideSolutionNode = FALSE
	EndGlobalSection
	GlobalSection(ExtensibilityGlobals) = postSolution
		SolutionGuid = {3B1B267D-2AF3-4FFF-99F0-E3CB70660E09}
	EndGlobalSection
EndGlobal
